Microsoft Visual Studio Solution File, Format Version 11.00
# Visual Studio 2008

Project("{D1B2E354-F3F0-F4D8-CD22-F77F94C2C20A}") = "SlidingDoor", "Assembly-CSharp.csproj", "{6A68D85C-5B01-7F8E-E8A1-D587F4853B3B}"
EndProject
Project("{D1B2E354-F3F0-F4D8-CD22-F77F94C2C20A}") = "SlidingDoor", "Assembly-CSharp-Editor.csproj", "{A5541BE6-ABDA-0E09-B1E3-7C79002879F5}"
EndProject
Global
	GlobalSection(SolutionConfigurationPlatforms) = preSolution
		Debug|Any CPU = Debug|Any CPU
		Release|Any CPU = Release|Any CPU
	EndGlobalSection
	GlobalSection(ProjectConfigurationPlatforms) = postSolution
		{6A68D85C-5B01-7F8E-E8A1-D587F4853B3B}.Debug|Any CPU.ActiveCfg = Debug|Any CPU
		{6A68D85C-5B01-7F8E-E8A1-D587F4853B3B}.Debug|Any CPU.Build.0 = Debug|Any CPU
		{6A68D85C-5B01-7F8E-E8A1-D587F4853B3B}.Release|Any CPU.ActiveCfg = Release|Any CPU
		{6A68D85C-5B01-7F8E-E8A1-D587F4853B3B}.Release|Any CPU.Build.0 = Release|Any CPU
		{A5541BE6-ABDA-0E09-B1E3-7C79002879F5}.Debug|Any CPU.ActiveCfg = Debug|Any CPU
		{A5541BE6-ABDA-0E09-B1E3-7C79002879F5}.Debug|Any CPU.Build.0 = Debug|Any CPU
		{A5541BE6-ABDA-0E09-B1E3-7C79002879F5}.Release|Any CPU.ActiveCfg = Release|Any CPU
		{A5541BE6-ABDA-0E09-B1E3-7C79002879F5}.Release|Any CPU.Build.0 = Release|Any CPU
	EndGlobalSection
	GlobalSection(SolutionProperties) = preSolution
		HideSolutionNode = FALSE
	EndGlobalSection
	GlobalSection(MonoDevelopProperties) = preSolution
		StartupItem = Assembly-CSharp.csproj
	EndGlobalSection
EndGlobal
